{
  "originHash" : "c831444c59935c7891591c0239a9c441dededec2e44d4a0734ea7a53ec0d91e9",
  "pins" : [
    {
      "identity" : "swiftsonic",
      "kind" : "remoteSourceControl",
      "location" : "https://github.com/MathieuDubart/swiftsonic",
      "state" : {
        "revision" : "39fd2a8fb23ddcdab65203720047e7406293a278",
        "version" : "0.8.1"
      }
    }
  ],
  "version" : 3
}
