{
  "originHash" : "c831444c59935c7891591c0239a9c441dededec2e44d4a0734ea7a53ec0d91e9",
  "pins" : [
    {
      "identity" : "swiftsonic",
      "kind" : "remoteSourceControl",
      "location" : "https://github.com/MathieuDubart/swiftsonic",
      "state" : {
        "revision" : "65e6c91ea461874978ce4f3da4f98b81099b401a",
        "version" : "0.8.0"
      }
    }
  ],
  "version" : 3
}
